
Microsoft Visual Studio Solution File, Format Version 12.00
# Visual Studio Version 16
VisualStudioVersion = 16.0.31112.23
MinimumVisualStudioVersion = 10.0.40219.1
Project("{9A19103F-16F7-4668-BE54-9A1E7A4F7556}") = "PayPage", "PayPage.csproj", "{ED5B1EC6-A1C9-4070-9C45-49B6D7E1445B}"
EndProject
Global
	GlobalSection(SolutionConfigurationPlatforms) = preSolution
		Debug|Any CPU = Debug|Any CPU
		Release|Any CPU = Release|Any CPU
	EndGlobalSection
	GlobalSection(ProjectConfigurationPlatforms) = postSolution
		{ED5B1EC6-A1C9-4070-9C45-49B6D7E1445B}.Debug|Any CPU.ActiveCfg = Debug|Any CPU
		{ED5B1EC6-A1C9-4070-9C45-49B6D7E1445B}.Debug|Any CPU.Build.0 = Debug|Any CPU
		{ED5B1EC6-A1C9-4070-9C45-49B6D7E1445B}.Release|Any CPU.ActiveCfg = Release|Any CPU
		{ED5B1EC6-A1C9-4070-9C45-49B6D7E1445B}.Release|Any CPU.Build.0 = Release|Any CPU
	EndGlobalSection
	GlobalSection(SolutionProperties) = preSolution
		HideSolutionNode = FALSE
	EndGlobalSection
	GlobalSection(ExtensibilityGlobals) = postSolution
		SolutionGuid = {71828F54-47C3-4A0A-B1F7-D87C7AEB005C}
	EndGlobalSection
EndGlobal
